
Microsoft Visual Studio Solution File, Format Version 12.00
# Visual Studio Version 17
VisualStudioVersion = 17.4.33110.190
MinimumVisualStudioVersion = 10.0.40219.1
Project("{FAE04EC0-301F-11D3-BF4B-00C04F79EFBC}") = "Zza.Services", "Zza.Services\Zza.Services.csproj", "{3C22369A-9F92-4AA4-9B64-A72E3502CD2B}"
EndProject
Project("{FAE04EC0-301F-11D3-BF4B-00C04F79EFBC}") = "Zza.Data", "Zza.Data\Zza.Data.csproj", "{BB1E80DE-E6D1-4E29-BC2D-DB66B81163C5}"
EndProject
Project("{FAE04EC0-301F-11D3-BF4B-00C04F79EFBC}") = "Zza.Entities", "Zza.Entities\Zza.Entities.csproj", "{7EC71C6E-E769-4C9E-8327-C72B0724B1B7}"
EndProject
Project("{FAE04EC0-301F-11D3-BF4B-00C04F79EFBC}") = "Zza.SelfHost", "Zza.SelfHost\Zza.SelfHost.csproj", "{5CED8D4C-C93B-4F87-B14C-4D6B671027E6}"
EndProject
Global
	GlobalSection(SolutionConfigurationPlatforms) = preSolution
		Debug|Any CPU = Debug|Any CPU
		Release|Any CPU = Release|Any CPU
	EndGlobalSection
	GlobalSection(ProjectConfigurationPlatforms) = postSolution
		{3C22369A-9F92-4AA4-9B64-A72E3502CD2B}.Debug|Any CPU.ActiveCfg = Debug|Any CPU
		{3C22369A-9F92-4AA4-9B64-A72E3502CD2B}.Debug|Any CPU.Build.0 = Debug|Any CPU
		{3C22369A-9F92-4AA4-9B64-A72E3502CD2B}.Release|Any CPU.ActiveCfg = Release|Any CPU
		{3C22369A-9F92-4AA4-9B64-A72E3502CD2B}.Release|Any CPU.Build.0 = Release|Any CPU
		{BB1E80DE-E6D1-4E29-BC2D-DB66B81163C5}.Debug|Any CPU.ActiveCfg = Debug|Any CPU
		{BB1E80DE-E6D1-4E29-BC2D-DB66B81163C5}.Debug|Any CPU.Build.0 = Debug|Any CPU
		{BB1E80DE-E6D1-4E29-BC2D-DB66B81163C5}.Release|Any CPU.ActiveCfg = Release|Any CPU
		{BB1E80DE-E6D1-4E29-BC2D-DB66B81163C5}.Release|Any CPU.Build.0 = Release|Any CPU
		{7EC71C6E-E769-4C9E-8327-C72B0724B1B7}.Debug|Any CPU.ActiveCfg = Debug|Any CPU
		{7EC71C6E-E769-4C9E-8327-C72B0724B1B7}.Debug|Any CPU.Build.0 = Debug|Any CPU
		{7EC71C6E-E769-4C9E-8327-C72B0724B1B7}.Release|Any CPU.ActiveCfg = Release|Any CPU
		{7EC71C6E-E769-4C9E-8327-C72B0724B1B7}.Release|Any CPU.Build.0 = Release|Any CPU
		{5CED8D4C-C93B-4F87-B14C-4D6B671027E6}.Debug|Any CPU.ActiveCfg = Debug|Any CPU
		{5CED8D4C-C93B-4F87-B14C-4D6B671027E6}.Debug|Any CPU.Build.0 = Debug|Any CPU
		{5CED8D4C-C93B-4F87-B14C-4D6B671027E6}.Release|Any CPU.ActiveCfg = Release|Any CPU
		{5CED8D4C-C93B-4F87-B14C-4D6B671027E6}.Release|Any CPU.Build.0 = Release|Any CPU
	EndGlobalSection
	GlobalSection(SolutionProperties) = preSolution
		HideSolutionNode = FALSE
	EndGlobalSection
	GlobalSection(ExtensibilityGlobals) = postSolution
		SolutionGuid = {18DB88AF-B6A7-401B-AC62-1129758042F1}
	EndGlobalSection
EndGlobal
